# This file is generated by running "yarn install" inside your project.
# Manual changes might be lost - proceed with caution!

__metadata:
  version: 6
  cacheKey: 8

"@cyclonedx/bom-test-with-yarn2-lockfile@workspace:.":
  version: 0.0.0-use.local
  resolution: "@cyclonedx/bom-test-with-yarn2-lockfile@workspace:."
  dependencies:
    envinfo: ^7.8.1
    packageurl-js: ^0.0.6
    parse-packagejson-name: ^1.0.1
    prettify-xml: ^1.2.0
    ssri: ^9.0.0
    uuid: ^8.3.2
    xmlbuilder: ^15.1.1
    xmldom: ^0.6.0
  languageName: unknown
  linkType: soft

"envinfo@npm:^7.8.1":
  version: 7.8.1
  resolution: "envinfo@npm:7.8.1"
  bin:
    envinfo: dist/cli.js
  checksum: de736c98d6311c78523628ff127af138451b162e57af5293c1b984ca821d0aeb9c849537d2fde0434011bed33f6bca5310ca2aab8a51a3f28fc719e89045d648
  languageName: node
  linkType: hard

"minipass@npm:^3.1.1":
  version: 3.1.6
  resolution: "minipass@npm:3.1.6"
  dependencies:
    yallist: ^4.0.0
  checksum: 57a04041413a3531a65062452cb5175f93383ef245d6f4a2961d34386eb9aa8ac11ac7f16f791f5e8bbaf1dfb1ef01596870c88e8822215db57aa591a5bb0a77
  languageName: node
  linkType: hard

"packageurl-js@npm:^0.0.6":
  version: 0.0.6
  resolution: "packageurl-js@npm:0.0.6"
  checksum: e74f8c1ad31954f9cc6a25c53ccb4b7246346332c55e809a731330863eaca8ca27f87e522cff230a104975a252adee4aa1a16b2ef4414d28c78ed84dbb06c01f
  languageName: node
  linkType: hard

"parse-packagejson-name@npm:^1.0.1":
  version: 1.0.1
  resolution: "parse-packagejson-name@npm:1.0.1"
  checksum: c56039da01770a5d9153e96743fb1d33bdd23911241fa9aa373b5bde32fe8d257aa7b16aa706169a37e296955520529d8f91961ca435c7ae848bebbcf307efd5
  languageName: node
  linkType: hard

"prettify-xml@npm:^1.2.0":
  version: 1.2.0
  resolution: "prettify-xml@npm:1.2.0"
  checksum: 148ea564be7af7d936b05b10c38e91846352397be9cdda9b304f2a3f1a2b6fa175e4dc9f377e54a35180688da1495f760103ffda4b2f5556c98c784b890eb349
  languageName: node
  linkType: hard

"ssri@npm:^9.0.0":
  version: 9.0.0
  resolution: "ssri@npm:9.0.0"
  dependencies:
    minipass: ^3.1.1
  checksum: bf33174232d07cc64e77ab1c51b55d28352273380c503d35642a19627e88a2c5f160039bb0a28608a353485075dda084dbf0390c7070f9f284559eb71d01b84b
  languageName: node
  linkType: hard

"uuid@npm:^8.3.2":
  version: 8.3.2
  resolution: "uuid@npm:8.3.2"
  bin:
    uuid: dist/bin/uuid
  checksum: 5575a8a75c13120e2f10e6ddc801b2c7ed7d8f3c8ac22c7ed0c7b2ba6383ec0abda88c905085d630e251719e0777045ae3236f04c812184b7c765f63a70e58df
  languageName: node
  linkType: hard

"xmlbuilder@npm:^15.1.1":
  version: 15.1.1
  resolution: "xmlbuilder@npm:15.1.1"
  checksum: 14f7302402e28d1f32823583d121594a9dca36408d40320b33f598bd589ca5163a352d076489c9c64d2dc1da19a790926a07bf4191275330d4de2b0d85bb1843
  languageName: node
  linkType: hard

"xmldom@npm:^0.6.0":
  version: 0.6.0
  resolution: "xmldom@npm:0.6.0"
  checksum: 710f64f5b2ba8ac1cbcf62c2e35b095a2f9ccbd596062efe037a5ca85d3ee077b691c4d74952ff476e4bab0dd82727604262899f25dddbb02f89ddeea4cca7f9
  languageName: node
  linkType: hard

"yallist@npm:^4.0.0":
  version: 4.0.0
  resolution: "yallist@npm:4.0.0"
  checksum: 343617202af32df2a15a3be36a5a8c0c8545208f3d3dfbc6bb7c3e3b7e8c6f8e7485432e4f3b88da3031a6e20afa7c711eded32ddfb122896ac5d914e75848d5
  languageName: node
  linkType: hard
