{
  "name": "special_character_in_license_file",
  "version": "0.0.0",
  "lockfileVersion": 1,
  "requires": true,
  "dependencies": {
    "@types/geojson": {
      "version": "7946.0.8",
      "resolved": "https://nexus03.compart.com/repository/npm-group/@types/geojson/-/geojson-7946.0.8.tgz",
      "integrity": "sha512-1rkryxURpr6aWP7R786/UQOkJ3PcpQiWkAXBmdWc7ryFWqN6a4xfK7BtjXvFBKO9LjQ+MWQSWxYeZX1OApnArA=="
    },
    "@types/node": {
      "version": "14.18.12",
      "resolved": "https://nexus03.compart.com/repository/npm-group/@types/node/-/node-14.18.12.tgz",
      "integrity": "sha512-q4jlIR71hUpWTnGhXWcakgkZeHa3CCjcQcnuzU8M891BAWA2jHiziiWEPEkdS5pFsz7H9HJiy8BrK7tBRNrY7A=="
    },
    "denque": {
      "version": "1.5.1",
      "resolved": "https://nexus03.compart.com/repository/npm-group/denque/-/denque-1.5.1.tgz",
      "integrity": "sha512-XwE+iZ4D6ZUB7mfYRMb5wByE8L74HCn30FBN7sWnXksWc1LO1bPDl67pBR9o/kC4z/xSNAwkMYcGgqDV3BE3Hw=="
    },
    "iconv-lite": {
      "version": "0.6.3",
      "resolved": "https://nexus03.compart.com/repository/npm-group/iconv-lite/-/iconv-lite-0.6.3.tgz",
      "integrity": "sha512-4fCk79wshMdzMp2rH06qWrJE4iolqLhCUH+OiuIgU++RB0+94NlDL81atO7GX55uUKueo0txHNtvEyI6D7WdMw==",
      "requires": {
        "safer-buffer": ">= 2.1.2 < 3.0.0"
      }
    },
    "long": {
      "version": "4.0.0",
      "resolved": "https://nexus03.compart.com/repository/npm-group/long/-/long-4.0.0.tgz",
      "integrity": "sha512-XsP+KhQif4bjX1kbuSiySJFNAehNxgLb6hPRGJ9QsUr8ajHkuXGdrHmFUTUUXhDwVX2R5bY4JNZEwbUiMhV+MA=="
    },
    "mariadb": {
      "version": "2.5.5",
      "resolved": "https://nexus03.compart.com/repository/npm-group/mariadb/-/mariadb-2.5.5.tgz",
      "integrity": "sha512-6dklvcKWuuaV1JjAwnE2ezR+jTt7JrZHftgeHHBmjB0wgfaUpdxol1DPWclwMcCrsO9yoM0FuCOiCcCgXc//9Q==",
      "requires": {
        "@types/geojson": "^7946.0.7",
        "@types/node": "^14.14.28",
        "denque": "^1.5.0",
        "iconv-lite": "^0.6.3",
        "long": "^4.0.0",
        "moment-timezone": "^0.5.33",
        "please-upgrade-node": "^3.2.0"
      }
    },
    "moment": {
      "version": "2.29.1",
      "resolved": "https://nexus03.compart.com/repository/npm-group/moment/-/moment-2.29.1.tgz",
      "integrity": "sha512-kHmoybcPV8Sqy59DwNDY3Jefr64lK/by/da0ViFcuA4DH0vQg5Q6Ze5VimxkfQNSC+Mls/Kx53s7TjP1RhFEDQ=="
    },
    "moment-timezone": {
      "version": "0.5.34",
      "resolved": "https://nexus03.compart.com/repository/npm-group/moment-timezone/-/moment-timezone-0.5.34.tgz",
      "integrity": "sha512-3zAEHh2hKUs3EXLESx/wsgw6IQdusOT8Bxm3D9UrHPQR7zlMmzwybC8zHEM1tQ4LJwP7fcxrWr8tuBg05fFCbg==",
      "requires": {
        "moment": ">= 2.9.0"
      }
    },
    "please-upgrade-node": {
      "version": "3.2.0",
      "resolved": "https://nexus03.compart.com/repository/npm-group/please-upgrade-node/-/please-upgrade-node-3.2.0.tgz",
      "integrity": "sha512-gQR3WpIgNIKwBMVLkpMUeR3e1/E1y42bqDQZfql+kDeXd8COYfM8PQA4X6y7a8u9Ua9FHmsrrmirW2vHs45hWg==",
      "requires": {
        "semver-compare": "^1.0.0"
      }
    },
    "safer-buffer": {
      "version": "2.1.2",
      "resolved": "https://nexus03.compart.com/repository/npm-group/safer-buffer/-/safer-buffer-2.1.2.tgz",
      "integrity": "sha512-YZo3K82SD7Riyi0E1EQPojLz7kpepnSQI9IyPbHHg1XXXevb5dJI7tpyN2ADxGcQbHG7vcyRHk0cbwqcQriUtg=="
    },
    "semver-compare": {
      "version": "1.0.0",
      "resolved": "https://nexus03.compart.com/repository/npm-group/semver-compare/-/semver-compare-1.0.0.tgz",
      "integrity": "sha1-De4hahyUGrN+nvsXiPavxf9VN/w="
    }
  }
}
